
Microsoft Visual Studio Solution File, Format Version 12.00
# Visual Studio Version 16
VisualStudioVersion = 16.0.30021.99
MinimumVisualStudioVersion = 10.0.40219.1
Project("{8BC9CEB8-8B4A-11D0-8D11-00A0C91BC942}") = "8labb", "8labb\8labb.vcxproj", "{195DB046-1750-428C-9B4C-A2288140AA17}"
EndProject
Global
	GlobalSection(SolutionConfigurationPlatforms) = preSolution
		Debug|x64 = Debug|x64
		Debug|x86 = Debug|x86
		Release|x64 = Release|x64
		Release|x86 = Release|x86
	EndGlobalSection
	GlobalSection(ProjectConfigurationPlatforms) = postSolution
		{195DB046-1750-428C-9B4C-A2288140AA17}.Debug|x64.ActiveCfg = Debug|x64
		{195DB046-1750-428C-9B4C-A2288140AA17}.Debug|x64.Build.0 = Debug|x64
		{195DB046-1750-428C-9B4C-A2288140AA17}.Debug|x86.ActiveCfg = Debug|Win32
		{195DB046-1750-428C-9B4C-A2288140AA17}.Debug|x86.Build.0 = Debug|Win32
		{195DB046-1750-428C-9B4C-A2288140AA17}.Release|x64.ActiveCfg = Release|x64
		{195DB046-1750-428C-9B4C-A2288140AA17}.Release|x64.Build.0 = Release|x64
		{195DB046-1750-428C-9B4C-A2288140AA17}.Release|x86.ActiveCfg = Release|Win32
		{195DB046-1750-428C-9B4C-A2288140AA17}.Release|x86.Build.0 = Release|Win32
	EndGlobalSection
	GlobalSection(SolutionProperties) = preSolution
		HideSolutionNode = FALSE
	EndGlobalSection
	GlobalSection(ExtensibilityGlobals) = postSolution
		SolutionGuid = {B98F5DB5-7E56-4EAD-A2A7-1F5535C657CC}
	EndGlobalSection
EndGlobal
